<Solution>
  <Folder Name="/src/">
    <Project Path="src/1-Basic-Client/01-Basic-FHIR-Client.csproj" />
    <Project Path="src/02-Advanced-Query/02-Advanced-Query.csproj" />
    <Project Path="src/03-Resource-Validator/03-Resource-Validator.csproj" />
    <Project Path="src/04-Data-Mapping-ETL/04-Data-Mapping-ETL.csproj" />
    <Project Path="src/05-SMART-on-FHIR/05-SMART-on-FHIR.csproj" />
    <Project Path="src/06-AI-Data-Validator/06-AI-Data-Validator.csproj" />
    <Project Path="src/07-HIPAA-Technical-Safeguards-Demo/07-HIPAA-Technical-Safeguards-Demo.csproj" />
    <Project Path="src/08-Data-Drift-Detector/08-Data-Drift-Detector.csproj" />
    <Project Path="src/Abstractions/HealthData.Interop.Abstractions/HealthData.Interop.Abstractions.csproj" />
    <Project Path="src/HealthData.Interop.Fhir/HealthDataInteropSharedLibrary.csproj" />
    <Project Path="src/Logging.Extensions/HealthData.Interop.Logging.Extensions/HealthData.Interop.Logging.Extensions.csproj" />
    <Project Path="src/Logging.Serilog/HealthData.Interop.Logging.Serilog/HealthData.Interop.Logging.Serilog.csproj" />
    <Project Path="src/tests/HealthData.Interop.Tests.csproj" />
  </Folder>
</Solution>
