<Solution>
  <Folder Name="/src/">
    <Project Path="src/02-Advanced-Query/02-Advanced-Query.csproj" />
    <Project Path="src/03-Resource-Validator/03-Resource-Validator.csproj" />
    <Project Path="src/04-Data-Mapping-ETL/04-Data-Mapping-ETL.csproj" />
    <Project Path="src/05-SMART-on-FHIR/05-SMART-on-FHIR.csproj" />
    <Project Path="src/06-AI-Data-Validator/06-AI-Data-Validator.csproj" />
    <Project Path="src/07-HIPAA-Compliance-Demo/07-HIPAA-Compliance-Demo.csproj" />
    <Project Path="src/HealthDataInteropSharedLibrary/HealthDataInteropSharedLibrary.csproj" />
  </Folder>
  <Folder Name="/src/1-Basic-Client/">
    <Project Path="src/1-Basic-Client/01-Basic-FHIR-Client.csproj" />
  </Folder>
  <Folder Name="/src/tests/">
    <Project Path="src/tests/HealthData.Interop.Tests.csproj" />
  </Folder>
</Solution>
